
Microsoft Visual Studio Solution File, Format Version 11.00
# Visual Studio 2010
Project("{FAE04EC0-301F-11D3-BF4B-00C04F79EFBC}") = "GoogleMobileAds", "GoogleMobileAds.csproj", "{804a4f70-898e-5a4c-dac1-f5cf6020f569}"
EndProject
Project("{FAE04EC0-301F-11D3-BF4B-00C04F79EFBC}") = "Assembly-CSharp", "Assembly-CSharp.csproj", "{a18b7c90-7281-3554-6f6c-f229656bfa47}"
EndProject
Project("{FAE04EC0-301F-11D3-BF4B-00C04F79EFBC}") = "GoogleMobileAds.Editor", "GoogleMobileAds.Editor.csproj", "{eb45a3c5-df5d-337b-aba8-357f0a28b5a8}"
EndProject
Project("{FAE04EC0-301F-11D3-BF4B-00C04F79EFBC}") = "Assembly-CSharp-Editor-firstpass", "Assembly-CSharp-Editor-firstpass.csproj", "{742d9aff-6abd-1ad1-a0c6-95cbcd94a564}"
EndProject
Global
	GlobalSection(SolutionConfigurationPlatforms) = preSolution
		Debug|Any CPU = Debug|Any CPU
		Release|Any CPU = Release|Any CPU
	EndGlobalSection
	GlobalSection(ProjectConfigurationPlatforms) = postSolution
		{804a4f70-898e-5a4c-dac1-f5cf6020f569}.Debug|Any CPU.ActiveCfg = Debug|Any CPU
		{804a4f70-898e-5a4c-dac1-f5cf6020f569}.Debug|Any CPU.Build.0 = Debug|Any CPU
		{804a4f70-898e-5a4c-dac1-f5cf6020f569}.Release|Any CPU.ActiveCfg = Release|Any CPU
		{804a4f70-898e-5a4c-dac1-f5cf6020f569}.Release|Any CPU.Build.0 = Release|Any CPU
		{a18b7c90-7281-3554-6f6c-f229656bfa47}.Debug|Any CPU.ActiveCfg = Debug|Any CPU
		{a18b7c90-7281-3554-6f6c-f229656bfa47}.Debug|Any CPU.Build.0 = Debug|Any CPU
		{a18b7c90-7281-3554-6f6c-f229656bfa47}.Release|Any CPU.ActiveCfg = Release|Any CPU
		{a18b7c90-7281-3554-6f6c-f229656bfa47}.Release|Any CPU.Build.0 = Release|Any CPU
		{eb45a3c5-df5d-337b-aba8-357f0a28b5a8}.Debug|Any CPU.ActiveCfg = Debug|Any CPU
		{eb45a3c5-df5d-337b-aba8-357f0a28b5a8}.Debug|Any CPU.Build.0 = Debug|Any CPU
		{eb45a3c5-df5d-337b-aba8-357f0a28b5a8}.Release|Any CPU.ActiveCfg = Release|Any CPU
		{eb45a3c5-df5d-337b-aba8-357f0a28b5a8}.Release|Any CPU.Build.0 = Release|Any CPU
		{742d9aff-6abd-1ad1-a0c6-95cbcd94a564}.Debug|Any CPU.ActiveCfg = Debug|Any CPU
		{742d9aff-6abd-1ad1-a0c6-95cbcd94a564}.Debug|Any CPU.Build.0 = Debug|Any CPU
		{742d9aff-6abd-1ad1-a0c6-95cbcd94a564}.Release|Any CPU.ActiveCfg = Release|Any CPU
		{742d9aff-6abd-1ad1-a0c6-95cbcd94a564}.Release|Any CPU.Build.0 = Release|Any CPU
	EndGlobalSection
	GlobalSection(SolutionProperties) = preSolution
		HideSolutionNode = FALSE
	EndGlobalSection
EndGlobal
